// !$*UTF8*$!
{
	archiveVersion = 1;
	classes = {
	};
	objectVersion = 50;
	objects = {

/* Begin PBXBuildFile section */
		3FB5C2EB242A325400189EFB /* CABitOperations.h in Headers */ = {isa = PBXBuildFile; fileRef = 3FB5C2D3242A1EC000189EFB /* CABitOperations.h */; };
		3FB5C2EC242A328400189EFB /* CACFArray.cpp in Sources */ = {isa = PBXBuildFile; fileRef = 3FB5C2E2242A1EC000189EFB /* CACFArray.cpp */; };
		3FB5C2ED242A328900189EFB /* CACFDictionary.cpp in Sources */ = {isa = PBXBuildFile; fileRef = 3FB5C2CF242A1EC000189EFB /* CACFDictionary.cpp */; };
		3FB5C2EE242A328D00189EFB /* CACFNumber.cpp in Sources */ = {isa = PBXBuildFile; fileRef = 3FB5C2C4242A1EC000189EFB /* CACFNumber.cpp */; };
		3FB5C2EF242A329100189EFB /* CACFString.cpp in Sources */ = {isa = PBXBuildFile; fileRef = 3FB5C2D1242A1EC000189EFB /* CACFString.cpp */; };
		3FB5C2F0242A329900189EFB /* CARingBuffer.cpp in Sources */ = {isa = PBXBuildFile; fileRef = 3FB5C2DC242A1EC000189EFB /* CARingBuffer.cpp */; };
		3FB5C2F1242A32AA00189EFB /* CADebugger.cpp in Sources */ = {isa = PBXBuildFile; fileRef = 3FB5C2E1242A1EC000189EFB /* CADebugger.cpp */; };
		3FB5C2F2242A32AB00189EFB /* CADebugMacros.cpp in Sources */ = {isa = PBXBuildFile; fileRef = 3FB5C2CE242A1EC000189EFB /* CADebugMacros.cpp */; };
		3FB5C2F3242A32B200189EFB /* CADispatchQueue.cpp in Sources */ = {isa = PBXBuildFile; fileRef = 3FB5C2D5242A1EC000189EFB /* CADispatchQueue.cpp */; };
		3FB5C2F4242A32B800189EFB /* CADebugPrintf.cpp in Sources */ = {isa = PBXBuildFile; fileRef = 3FB5C2DB242A1EC000189EFB /* CADebugPrintf.cpp */; };
		3FB5C2F5242A32BF00189EFB /* CAHostTimeBase.cpp in Sources */ = {isa = PBXBuildFile; fileRef = 3FB5C2DD242A1EC000189EFB /* CAHostTimeBase.cpp */; };
		3FB5C2F6242A32C500189EFB /* CAMutex.cpp in Sources */ = {isa = PBXBuildFile; fileRef = 3FB5C2E0242A1EC000189EFB /* CAMutex.cpp */; };
		3FB5C2F7242A32C700189EFB /* CAPThread.cpp in Sources */ = {isa = PBXBuildFile; fileRef = 3FB5C2D7242A1EC000189EFB /* CAPThread.cpp */; };
		3FB5C2F8242A32CA00189EFB /* CAVolumeCurve.cpp in Sources */ = {isa = PBXBuildFile; fileRef = 3FB5C2C9242A1EC000189EFB /* CAVolumeCurve.cpp */; };
		3FB5C350242A367500189EFB /* Foundation.framework in Frameworks */ = {isa = PBXBuildFile; fileRef = 3FB5C2C0242A1E0500189EFB /* Foundation.framework */; };
		3FB5C351242A367500189EFB /* Accelerate.framework in Frameworks */ = {isa = PBXBuildFile; fileRef = 3FB5C2BE242A1DFA00189EFB /* Accelerate.framework */; };
		3FB5C352242A367500189EFB /* CoreFoundation.framework in Frameworks */ = {isa = PBXBuildFile; fileRef = 3FB5C2BC242A1DE600189EFB /* CoreFoundation.framework */; };
		3FB5C353242A367500189EFB /* CoreAudio.framework in Frameworks */ = {isa = PBXBuildFile; fileRef = 3FB5C2BA242A1DD700189EFB /* CoreAudio.framework */; };
		3FB5C354242A367700189EFB /* libPublicUtility.a in Frameworks */ = {isa = PBXBuildFile; fileRef = 3FB5C2E7242A2C4F00189EFB /* libPublicUtility.a */; };
		3FB5C356242A374D00189EFB /* EFF_PlugInInterface.cpp in Sources */ = {isa = PBXBuildFile; fileRef = 3FB5C355242A374D00189EFB /* EFF_PlugInInterface.cpp */; };
		3FB5C37C242A4C8400189EFB /* set-version.sh in Resources */ = {isa = PBXBuildFile; fileRef = 3FB5C37B242A4C8400189EFB /* set-version.sh */; };
		3FB5C381242A5C7B00189EFB /* EFF_Object.cpp in Sources */ = {isa = PBXBuildFile; fileRef = 3FB5C37F242A5C7B00189EFB /* EFF_Object.cpp */; };
		3FB5C384242A66A300189EFB /* EFF_AbstractDevice.cpp in Sources */ = {isa = PBXBuildFile; fileRef = 3FB5C383242A66A300189EFB /* EFF_AbstractDevice.cpp */; };
		3FB5C387242A6EF000189EFB /* EFF_NullDevice.cpp in Sources */ = {isa = PBXBuildFile; fileRef = 3FB5C386242A6EF000189EFB /* EFF_NullDevice.cpp */; };
		3FB5C38A242A729C00189EFB /* EFF_Stream.cpp in Sources */ = {isa = PBXBuildFile; fileRef = 3FB5C389242A729C00189EFB /* EFF_Stream.cpp */; };
/* End PBXBuildFile section */

/* Begin PBXFileReference section */
		3FB5C2B2242A1DB500189EFB /* main.cpp */ = {isa = PBXFileReference; lastKnownFileType = sourcecode.cpp.cpp; path = main.cpp; sourceTree = "<group>"; };
		3FB5C2BA242A1DD700189EFB /* CoreAudio.framework */ = {isa = PBXFileReference; lastKnownFileType = wrapper.framework; name = CoreAudio.framework; path = System/Library/Frameworks/CoreAudio.framework; sourceTree = SDKROOT; };
		3FB5C2BC242A1DE600189EFB /* CoreFoundation.framework */ = {isa = PBXFileReference; lastKnownFileType = wrapper.framework; name = CoreFoundation.framework; path = System/Library/Frameworks/CoreFoundation.framework; sourceTree = SDKROOT; };
		3FB5C2BE242A1DFA00189EFB /* Accelerate.framework */ = {isa = PBXFileReference; lastKnownFileType = wrapper.framework; name = Accelerate.framework; path = System/Library/Frameworks/Accelerate.framework; sourceTree = SDKROOT; };
		3FB5C2C0242A1E0500189EFB /* Foundation.framework */ = {isa = PBXFileReference; lastKnownFileType = wrapper.framework; name = Foundation.framework; path = System/Library/Frameworks/Foundation.framework; sourceTree = SDKROOT; };
		3FB5C2C3242A1EC000189EFB /* CADebugger.h */ = {isa = PBXFileReference; lastKnownFileType = sourcecode.c.h; path = CADebugger.h; sourceTree = "<group>"; };
		3FB5C2C4242A1EC000189EFB /* CACFNumber.cpp */ = {isa = PBXFileReference; lastKnownFileType = sourcecode.cpp.cpp; path = CACFNumber.cpp; sourceTree = "<group>"; };
		3FB5C2C5242A1EC000189EFB /* CAAtomic.h */ = {isa = PBXFileReference; lastKnownFileType = sourcecode.c.h; path = CAAtomic.h; sourceTree = "<group>"; };
		3FB5C2C6242A1EC000189EFB /* CAException.h */ = {isa = PBXFileReference; lastKnownFileType = sourcecode.c.h; path = CAException.h; sourceTree = "<group>"; };
		3FB5C2C7242A1EC000189EFB /* CACFDictionary.h */ = {isa = PBXFileReference; lastKnownFileType = sourcecode.c.h; path = CACFDictionary.h; sourceTree = "<group>"; };
		3FB5C2C8242A1EC000189EFB /* CAPThread.h */ = {isa = PBXFileReference; lastKnownFileType = sourcecode.c.h; path = CAPThread.h; sourceTree = "<group>"; };
		3FB5C2C9242A1EC000189EFB /* CAVolumeCurve.cpp */ = {isa = PBXFileReference; lastKnownFileType = sourcecode.cpp.cpp; path = CAVolumeCurve.cpp; sourceTree = "<group>"; };
		3FB5C2CA242A1EC000189EFB /* CAVolumeCurve.h */ = {isa = PBXFileReference; lastKnownFileType = sourcecode.c.h; path = CAVolumeCurve.h; sourceTree = "<group>"; };
		3FB5C2CB242A1EC000189EFB /* CACFNumber.h */ = {isa = PBXFileReference; lastKnownFileType = sourcecode.c.h; path = CACFNumber.h; sourceTree = "<group>"; };
		3FB5C2CC242A1EC000189EFB /* CACFString.h */ = {isa = PBXFileReference; lastKnownFileType = sourcecode.c.h; path = CACFString.h; sourceTree = "<group>"; };
		3FB5C2CD242A1EC000189EFB /* CAHostTimeBase.h */ = {isa = PBXFileReference; lastKnownFileType = sourcecode.c.h; path = CAHostTimeBase.h; sourceTree = "<group>"; };
		3FB5C2CE242A1EC000189EFB /* CADebugMacros.cpp */ = {isa = PBXFileReference; lastKnownFileType = sourcecode.cpp.cpp; path = CADebugMacros.cpp; sourceTree = "<group>"; };
		3FB5C2CF242A1EC000189EFB /* CACFDictionary.cpp */ = {isa = PBXFileReference; lastKnownFileType = sourcecode.cpp.cpp; path = CACFDictionary.cpp; sourceTree = "<group>"; };
		3FB5C2D0242A1EC000189EFB /* CAMutex.h */ = {isa = PBXFileReference; lastKnownFileType = sourcecode.c.h; path = CAMutex.h; sourceTree = "<group>"; };
		3FB5C2D1242A1EC000189EFB /* CACFString.cpp */ = {isa = PBXFileReference; lastKnownFileType = sourcecode.cpp.cpp; path = CACFString.cpp; sourceTree = "<group>"; };
		3FB5C2D2242A1EC000189EFB /* CADebugPrintf.h */ = {isa = PBXFileReference; lastKnownFileType = sourcecode.c.h; path = CADebugPrintf.h; sourceTree = "<group>"; };
		3FB5C2D3242A1EC000189EFB /* CABitOperations.h */ = {isa = PBXFileReference; lastKnownFileType = sourcecode.c.h; path = CABitOperations.h; sourceTree = "<group>"; };
		3FB5C2D4242A1EC000189EFB /* CAPropertyAddress.h */ = {isa = PBXFileReference; lastKnownFileType = sourcecode.c.h; path = CAPropertyAddress.h; sourceTree = "<group>"; };
		3FB5C2D5242A1EC000189EFB /* CADispatchQueue.cpp */ = {isa = PBXFileReference; lastKnownFileType = sourcecode.cpp.cpp; path = CADispatchQueue.cpp; sourceTree = "<group>"; };
		3FB5C2D6242A1EC000189EFB /* CARingBuffer.h */ = {isa = PBXFileReference; lastKnownFileType = sourcecode.c.h; path = CARingBuffer.h; sourceTree = "<group>"; };
		3FB5C2D7242A1EC000189EFB /* CAPThread.cpp */ = {isa = PBXFileReference; lastKnownFileType = sourcecode.cpp.cpp; path = CAPThread.cpp; sourceTree = "<group>"; };
		3FB5C2D8242A1EC000189EFB /* CAAutoDisposer.h */ = {isa = PBXFileReference; lastKnownFileType = sourcecode.c.h; path = CAAutoDisposer.h; sourceTree = "<group>"; };
		3FB5C2D9242A1EC000189EFB /* CADispatchQueue.h */ = {isa = PBXFileReference; lastKnownFileType = sourcecode.c.h; path = CADispatchQueue.h; sourceTree = "<group>"; };
		3FB5C2DA242A1EC000189EFB /* CADebugMacros.h */ = {isa = PBXFileReference; lastKnownFileType = sourcecode.c.h; path = CADebugMacros.h; sourceTree = "<group>"; };
		3FB5C2DB242A1EC000189EFB /* CADebugPrintf.cpp */ = {isa = PBXFileReference; lastKnownFileType = sourcecode.cpp.cpp; path = CADebugPrintf.cpp; sourceTree = "<group>"; };
		3FB5C2DC242A1EC000189EFB /* CARingBuffer.cpp */ = {isa = PBXFileReference; lastKnownFileType = sourcecode.cpp.cpp; path = CARingBuffer.cpp; sourceTree = "<group>"; };
		3FB5C2DD242A1EC000189EFB /* CAHostTimeBase.cpp */ = {isa = PBXFileReference; lastKnownFileType = sourcecode.cpp.cpp; path = CAHostTimeBase.cpp; sourceTree = "<group>"; };
		3FB5C2DE242A1EC000189EFB /* CACFArray.h */ = {isa = PBXFileReference; lastKnownFileType = sourcecode.c.h; path = CACFArray.h; sourceTree = "<group>"; };
		3FB5C2DF242A1EC000189EFB /* CAAtomicStack.h */ = {isa = PBXFileReference; lastKnownFileType = sourcecode.c.h; path = CAAtomicStack.h; sourceTree = "<group>"; };
		3FB5C2E0242A1EC000189EFB /* CAMutex.cpp */ = {isa = PBXFileReference; lastKnownFileType = sourcecode.cpp.cpp; path = CAMutex.cpp; sourceTree = "<group>"; };
		3FB5C2E1242A1EC000189EFB /* CADebugger.cpp */ = {isa = PBXFileReference; lastKnownFileType = sourcecode.cpp.cpp; path = CADebugger.cpp; sourceTree = "<group>"; };
		3FB5C2E2242A1EC000189EFB /* CACFArray.cpp */ = {isa = PBXFileReference; lastKnownFileType = sourcecode.cpp.cpp; path = CACFArray.cpp; sourceTree = "<group>"; };
		3FB5C2E7242A2C4F00189EFB /* libPublicUtility.a */ = {isa = PBXFileReference; explicitFileType = archive.ar; includeInIndex = 0; path = libPublicUtility.a; sourceTree = BUILT_PRODUCTS_DIR; };
		3FB5C34A242A34F300189EFB /* effervescence-driver.driver */ = {isa = PBXFileReference; explicitFileType = wrapper.cfbundle; includeInIndex = 0; path = "effervescence-driver.driver"; sourceTree = BUILT_PRODUCTS_DIR; };
		3FB5C34C242A34F300189EFB /* Info.plist */ = {isa = PBXFileReference; lastKnownFileType = text.plist.xml; path = Info.plist; sourceTree = "<group>"; };
		3FB5C355242A374D00189EFB /* EFF_PlugInInterface.cpp */ = {isa = PBXFileReference; lastKnownFileType = sourcecode.cpp.cpp; path = EFF_PlugInInterface.cpp; sourceTree = SOURCE_ROOT; };
		3FB5C361242A3D8B00189EFB /* EFF_Types.h */ = {isa = PBXFileReference; lastKnownFileType = sourcecode.c.h; path = EFF_Types.h; sourceTree = "<group>"; };
		3FB5C378242A4A7800189EFB /* EFF_Utils.h */ = {isa = PBXFileReference; lastKnownFileType = sourcecode.c.h; path = EFF_Utils.h; sourceTree = "<group>"; };
		3FB5C379242A4B7B00189EFB /* EFF_Utils.cpp */ = {isa = PBXFileReference; lastKnownFileType = sourcecode.cpp.cpp; path = EFF_Utils.cpp; sourceTree = "<group>"; };
		3FB5C37B242A4C8400189EFB /* set-version.sh */ = {isa = PBXFileReference; fileEncoding = 4; lastKnownFileType = text.script.sh; path = "set-version.sh"; sourceTree = "<group>"; };
		3FB5C37D242A4C9B00189EFB /* EFF_TestUtils.h */ = {isa = PBXFileReference; lastKnownFileType = sourcecode.c.h; path = EFF_TestUtils.h; sourceTree = "<group>"; };
		3FB5C37E242A4D1400189EFB /* EFFXPCProtocols.h */ = {isa = PBXFileReference; lastKnownFileType = sourcecode.c.h; path = EFFXPCProtocols.h; sourceTree = "<group>"; };
		3FB5C37F242A5C7B00189EFB /* EFF_Object.cpp */ = {isa = PBXFileReference; lastKnownFileType = sourcecode.cpp.cpp; path = EFF_Object.cpp; sourceTree = SOURCE_ROOT; };
		3FB5C380242A5C7B00189EFB /* EFF_Object.h */ = {isa = PBXFileReference; lastKnownFileType = sourcecode.c.h; path = EFF_Object.h; sourceTree = SOURCE_ROOT; };
		3FB5C382242A64EA00189EFB /* EFF_AbstractDevice.h */ = {isa = PBXFileReference; lastKnownFileType = sourcecode.c.h; path = EFF_AbstractDevice.h; sourceTree = SOURCE_ROOT; };
		3FB5C383242A66A300189EFB /* EFF_AbstractDevice.cpp */ = {isa = PBXFileReference; lastKnownFileType = sourcecode.cpp.cpp; path = EFF_AbstractDevice.cpp; sourceTree = SOURCE_ROOT; };
		3FB5C385242A6C7D00189EFB /* EFF_NullDevice.h */ = {isa = PBXFileReference; lastKnownFileType = sourcecode.c.h; path = EFF_NullDevice.h; sourceTree = SOURCE_ROOT; };
		3FB5C386242A6EF000189EFB /* EFF_NullDevice.cpp */ = {isa = PBXFileReference; lastKnownFileType = sourcecode.cpp.cpp; path = EFF_NullDevice.cpp; sourceTree = SOURCE_ROOT; };
		3FB5C388242A719B00189EFB /* EFF_Stream.h */ = {isa = PBXFileReference; lastKnownFileType = sourcecode.c.h; path = EFF_Stream.h; sourceTree = SOURCE_ROOT; };
		3FB5C389242A729C00189EFB /* EFF_Stream.cpp */ = {isa = PBXFileReference; lastKnownFileType = sourcecode.cpp.cpp; path = EFF_Stream.cpp; sourceTree = SOURCE_ROOT; };
/* End PBXFileReference section */

/* Begin PBXFrameworksBuildPhase section */
		3FB5C2E5242A2C4F00189EFB /* Frameworks */ = {
			isa = PBXFrameworksBuildPhase;
			buildActionMask = 2147483647;
			files = (
			);
			runOnlyForDeploymentPostprocessing = 0;
		};
		3FB5C347242A34F300189EFB /* Frameworks */ = {
			isa = PBXFrameworksBuildPhase;
			buildActionMask = 2147483647;
			files = (
				3FB5C350242A367500189EFB /* Foundation.framework in Frameworks */,
				3FB5C354242A367700189EFB /* libPublicUtility.a in Frameworks */,
				3FB5C351242A367500189EFB /* Accelerate.framework in Frameworks */,
				3FB5C352242A367500189EFB /* CoreFoundation.framework in Frameworks */,
				3FB5C353242A367500189EFB /* CoreAudio.framework in Frameworks */,
			);
			runOnlyForDeploymentPostprocessing = 0;
		};
/* End PBXFrameworksBuildPhase section */

/* Begin PBXGroup section */
		3FB5C2A6242A1DB500189EFB = {
			isa = PBXGroup;
			children = (
				3FB5C357242A3D0D00189EFB /* SharedSource */,
				3FB5C2B1242A1DB500189EFB /* effervescence-core */,
				3FB5C2C2242A1EC000189EFB /* PublicUtility */,
				3FB5C34B242A34F300189EFB /* effervescence-driver */,
				3FB5C2B0242A1DB500189EFB /* Products */,
				3FB5C2B9242A1DD700189EFB /* Frameworks */,
			);
			sourceTree = "<group>";
		};
		3FB5C2B0242A1DB500189EFB /* Products */ = {
			isa = PBXGroup;
			children = (
				3FB5C2E7242A2C4F00189EFB /* libPublicUtility.a */,
				3FB5C34A242A34F300189EFB /* effervescence-driver.driver */,
			);
			name = Products;
			sourceTree = "<group>";
		};
		3FB5C2B1242A1DB500189EFB /* effervescence-core */ = {
			isa = PBXGroup;
			children = (
				3FB5C2B2242A1DB500189EFB /* main.cpp */,
			);
			path = "effervescence-core";
			sourceTree = "<group>";
		};
		3FB5C2B9242A1DD700189EFB /* Frameworks */ = {
			isa = PBXGroup;
			children = (
				3FB5C2C0242A1E0500189EFB /* Foundation.framework */,
				3FB5C2BE242A1DFA00189EFB /* Accelerate.framework */,
				3FB5C2BC242A1DE600189EFB /* CoreFoundation.framework */,
				3FB5C2BA242A1DD700189EFB /* CoreAudio.framework */,
			);
			name = Frameworks;
			sourceTree = "<group>";
		};
		3FB5C2C2242A1EC000189EFB /* PublicUtility */ = {
			isa = PBXGroup;
			children = (
				3FB5C2C5242A1EC000189EFB /* CAAtomic.h */,
				3FB5C2DF242A1EC000189EFB /* CAAtomicStack.h */,
				3FB5C2D8242A1EC000189EFB /* CAAutoDisposer.h */,
				3FB5C2D3242A1EC000189EFB /* CABitOperations.h */,
				3FB5C2E2242A1EC000189EFB /* CACFArray.cpp */,
				3FB5C2DE242A1EC000189EFB /* CACFArray.h */,
				3FB5C2CF242A1EC000189EFB /* CACFDictionary.cpp */,
				3FB5C2C7242A1EC000189EFB /* CACFDictionary.h */,
				3FB5C2C4242A1EC000189EFB /* CACFNumber.cpp */,
				3FB5C2CB242A1EC000189EFB /* CACFNumber.h */,
				3FB5C2D1242A1EC000189EFB /* CACFString.cpp */,
				3FB5C2CC242A1EC000189EFB /* CACFString.h */,
				3FB5C2E1242A1EC000189EFB /* CADebugger.cpp */,
				3FB5C2C3242A1EC000189EFB /* CADebugger.h */,
				3FB5C2CE242A1EC000189EFB /* CADebugMacros.cpp */,
				3FB5C2DA242A1EC000189EFB /* CADebugMacros.h */,
				3FB5C2DB242A1EC000189EFB /* CADebugPrintf.cpp */,
				3FB5C2D2242A1EC000189EFB /* CADebugPrintf.h */,
				3FB5C2D5242A1EC000189EFB /* CADispatchQueue.cpp */,
				3FB5C2D9242A1EC000189EFB /* CADispatchQueue.h */,
				3FB5C2C6242A1EC000189EFB /* CAException.h */,
				3FB5C2DD242A1EC000189EFB /* CAHostTimeBase.cpp */,
				3FB5C2CD242A1EC000189EFB /* CAHostTimeBase.h */,
				3FB5C2E0242A1EC000189EFB /* CAMutex.cpp */,
				3FB5C2D0242A1EC000189EFB /* CAMutex.h */,
				3FB5C2D4242A1EC000189EFB /* CAPropertyAddress.h */,
				3FB5C2D7242A1EC000189EFB /* CAPThread.cpp */,
				3FB5C2C8242A1EC000189EFB /* CAPThread.h */,
				3FB5C2DC242A1EC000189EFB /* CARingBuffer.cpp */,
				3FB5C2D6242A1EC000189EFB /* CARingBuffer.h */,
				3FB5C2C9242A1EC000189EFB /* CAVolumeCurve.cpp */,
				3FB5C2CA242A1EC000189EFB /* CAVolumeCurve.h */,
			);
			path = PublicUtility;
			sourceTree = "<group>";
		};
		3FB5C34B242A34F300189EFB /* effervescence-driver */ = {
			isa = PBXGroup;
			children = (
				3FB5C34C242A34F300189EFB /* Info.plist */,
				3FB5C355242A374D00189EFB /* EFF_PlugInInterface.cpp */,
				3FB5C37F242A5C7B00189EFB /* EFF_Object.cpp */,
				3FB5C380242A5C7B00189EFB /* EFF_Object.h */,
				3FB5C382242A64EA00189EFB /* EFF_AbstractDevice.h */,
				3FB5C383242A66A300189EFB /* EFF_AbstractDevice.cpp */,
				3FB5C385242A6C7D00189EFB /* EFF_NullDevice.h */,
				3FB5C386242A6EF000189EFB /* EFF_NullDevice.cpp */,
				3FB5C388242A719B00189EFB /* EFF_Stream.h */,
				3FB5C389242A729C00189EFB /* EFF_Stream.cpp */,
			);
			path = "effervescence-driver";
			sourceTree = "<group>";
		};
		3FB5C357242A3D0D00189EFB /* SharedSource */ = {
			isa = PBXGroup;
			children = (
				3FB5C37B242A4C8400189EFB /* set-version.sh */,
				3FB5C361242A3D8B00189EFB /* EFF_Types.h */,
				3FB5C378242A4A7800189EFB /* EFF_Utils.h */,
				3FB5C379242A4B7B00189EFB /* EFF_Utils.cpp */,
				3FB5C37D242A4C9B00189EFB /* EFF_TestUtils.h */,
				3FB5C37E242A4D1400189EFB /* EFFXPCProtocols.h */,
			);
			path = SharedSource;
			sourceTree = "<group>";
		};
/* End PBXGroup section */

/* Begin PBXHeadersBuildPhase section */
		3FB5C2E3242A2C4F00189EFB /* Headers */ = {
			isa = PBXHeadersBuildPhase;
			buildActionMask = 2147483647;
			files = (
				3FB5C2EB242A325400189EFB /* CABitOperations.h in Headers */,
			);
			runOnlyForDeploymentPostprocessing = 0;
		};
/* End PBXHeadersBuildPhase section */

/* Begin PBXNativeTarget section */
		3FB5C2E6242A2C4F00189EFB /* PublicUtility */ = {
			isa = PBXNativeTarget;
			buildConfigurationList = 3FB5C2E8242A2C4F00189EFB /* Build configuration list for PBXNativeTarget "PublicUtility" */;
			buildPhases = (
				3FB5C2E3242A2C4F00189EFB /* Headers */,
				3FB5C2E4242A2C4F00189EFB /* Sources */,
				3FB5C2E5242A2C4F00189EFB /* Frameworks */,
			);
			buildRules = (
			);
			dependencies = (
			);
			name = PublicUtility;
			productName = PublicUtility;
			productReference = 3FB5C2E7242A2C4F00189EFB /* libPublicUtility.a */;
			productType = "com.apple.product-type.library.static";
		};
		3FB5C349242A34F300189EFB /* effervescence-driver */ = {
			isa = PBXNativeTarget;
			buildConfigurationList = 3FB5C34D242A34F300189EFB /* Build configuration list for PBXNativeTarget "effervescence-driver" */;
			buildPhases = (
				3FB5C346242A34F300189EFB /* Sources */,
				3FB5C347242A34F300189EFB /* Frameworks */,
				3FB5C348242A34F300189EFB /* Resources */,
			);
			buildRules = (
			);
			dependencies = (
			);
			name = "effervescence-driver";
			productName = "effervescence-driver";
			productReference = 3FB5C34A242A34F300189EFB /* effervescence-driver.driver */;
			productType = "com.apple.product-type.bundle";
		};
/* End PBXNativeTarget section */

/* Begin PBXProject section */
		3FB5C2A7242A1DB500189EFB /* Project object */ = {
			isa = PBXProject;
			attributes = {
				CLASSPREFIX = EFF_;
				LastUpgradeCheck = 1130;
				ORGANIZATIONNAME = nerrons;
				TargetAttributes = {
					3FB5C2E6242A2C4F00189EFB = {
						CreatedOnToolsVersion = 11.3.1;
					};
					3FB5C349242A34F300189EFB = {
						CreatedOnToolsVersion = 11.3.1;
					};
				};
			};
			buildConfigurationList = 3FB5C2AA242A1DB500189EFB /* Build configuration list for PBXProject "effervescence-core" */;
			compatibilityVersion = "Xcode 9.3";
			developmentRegion = en;
			hasScannedForEncodings = 0;
			knownRegions = (
				en,
			);
			mainGroup = 3FB5C2A6242A1DB500189EFB;
			productRefGroup = 3FB5C2B0242A1DB500189EFB /* Products */;
			projectDirPath = "";
			projectRoot = "";
			targets = (
				3FB5C2E6242A2C4F00189EFB /* PublicUtility */,
				3FB5C349242A34F300189EFB /* effervescence-driver */,
			);
		};
/* End PBXProject section */

/* Begin PBXResourcesBuildPhase section */
		3FB5C348242A34F300189EFB /* Resources */ = {
			isa = PBXResourcesBuildPhase;
			buildActionMask = 2147483647;
			files = (
				3FB5C37C242A4C8400189EFB /* set-version.sh in Resources */,
			);
			runOnlyForDeploymentPostprocessing = 0;
		};
/* End PBXResourcesBuildPhase section */

/* Begin PBXSourcesBuildPhase section */
		3FB5C2E4242A2C4F00189EFB /* Sources */ = {
			isa = PBXSourcesBuildPhase;
			buildActionMask = 2147483647;
			files = (
				3FB5C2EC242A328400189EFB /* CACFArray.cpp in Sources */,
				3FB5C2ED242A328900189EFB /* CACFDictionary.cpp in Sources */,
				3FB5C2F1242A32AA00189EFB /* CADebugger.cpp in Sources */,
				3FB5C2F7242A32C700189EFB /* CAPThread.cpp in Sources */,
				3FB5C2F8242A32CA00189EFB /* CAVolumeCurve.cpp in Sources */,
				3FB5C2F5242A32BF00189EFB /* CAHostTimeBase.cpp in Sources */,
				3FB5C2F4242A32B800189EFB /* CADebugPrintf.cpp in Sources */,
				3FB5C2F6242A32C500189EFB /* CAMutex.cpp in Sources */,
				3FB5C2F3242A32B200189EFB /* CADispatchQueue.cpp in Sources */,
				3FB5C2F2242A32AB00189EFB /* CADebugMacros.cpp in Sources */,
				3FB5C2F0242A329900189EFB /* CARingBuffer.cpp in Sources */,
				3FB5C2EF242A329100189EFB /* CACFString.cpp in Sources */,
				3FB5C2EE242A328D00189EFB /* CACFNumber.cpp in Sources */,
			);
			runOnlyForDeploymentPostprocessing = 0;
		};
		3FB5C346242A34F300189EFB /* Sources */ = {
			isa = PBXSourcesBuildPhase;
			buildActionMask = 2147483647;
			files = (
				3FB5C381242A5C7B00189EFB /* EFF_Object.cpp in Sources */,
				3FB5C384242A66A300189EFB /* EFF_AbstractDevice.cpp in Sources */,
				3FB5C387242A6EF000189EFB /* EFF_NullDevice.cpp in Sources */,
				3FB5C356242A374D00189EFB /* EFF_PlugInInterface.cpp in Sources */,
				3FB5C38A242A729C00189EFB /* EFF_Stream.cpp in Sources */,
			);
			runOnlyForDeploymentPostprocessing = 0;
		};
/* End PBXSourcesBuildPhase section */

/* Begin XCBuildConfiguration section */
		3FB5C2B4242A1DB500189EFB /* Debug */ = {
			isa = XCBuildConfiguration;
			buildSettings = {
				ALWAYS_SEARCH_USER_PATHS = NO;
				CLANG_ANALYZER_NONNULL = YES;
				CLANG_ANALYZER_NUMBER_OBJECT_CONVERSION = YES_AGGRESSIVE;
				CLANG_CXX_LANGUAGE_STANDARD = "c++17";
				CLANG_CXX_LIBRARY = "libc++";
				CLANG_ENABLE_MODULES = YES;
				CLANG_ENABLE_OBJC_ARC = YES;
				CLANG_ENABLE_OBJC_WEAK = YES;
				CLANG_WARN_BLOCK_CAPTURE_AUTORELEASING = YES;
				CLANG_WARN_BOOL_CONVERSION = YES;
				CLANG_WARN_COMMA = YES;
				CLANG_WARN_CONSTANT_CONVERSION = YES;
				CLANG_WARN_DEPRECATED_OBJC_IMPLEMENTATIONS = YES;
				CLANG_WARN_DIRECT_OBJC_ISA_USAGE = YES_ERROR;
				CLANG_WARN_DOCUMENTATION_COMMENTS = YES;
				CLANG_WARN_EMPTY_BODY = YES;
				CLANG_WARN_ENUM_CONVERSION = YES;
				CLANG_WARN_INFINITE_RECURSION = YES;
				CLANG_WARN_INT_CONVERSION = YES;
				CLANG_WARN_NON_LITERAL_NULL_CONVERSION = YES;
				CLANG_WARN_OBJC_IMPLICIT_RETAIN_SELF = YES;
				CLANG_WARN_OBJC_LITERAL_CONVERSION = YES;
				CLANG_WARN_OBJC_ROOT_CLASS = YES_ERROR;
				CLANG_WARN_RANGE_LOOP_ANALYSIS = YES;
				CLANG_WARN_STRICT_PROTOTYPES = YES;
				CLANG_WARN_SUSPICIOUS_MOVE = YES;
				CLANG_WARN_UNGUARDED_AVAILABILITY = YES_AGGRESSIVE;
				CLANG_WARN_UNREACHABLE_CODE = YES;
				CLANG_WARN__DUPLICATE_METHOD_MATCH = YES;
				COPY_PHASE_STRIP = NO;
				DEBUG_INFORMATION_FORMAT = dwarf;
				ENABLE_STRICT_OBJC_MSGSEND = YES;
				ENABLE_TESTABILITY = YES;
				GCC_C_LANGUAGE_STANDARD = c11;
				GCC_DYNAMIC_NO_PIC = NO;
				GCC_NO_COMMON_BLOCKS = YES;
				GCC_OPTIMIZATION_LEVEL = 0;
				GCC_PREPROCESSOR_DEFINITIONS = (
					"DEBUG=1",
					"CoreAudio_UseSysLog=1",
					"CoreAudio_Debug=1",
					"CoreAudio_StopOnAssert=1",
					"CoreAudio_ThreadStampMessages=0",
				);
				GCC_WARN_64_TO_32_BIT_CONVERSION = YES;
				GCC_WARN_ABOUT_RETURN_TYPE = YES_ERROR;
				GCC_WARN_UNDECLARED_SELECTOR = YES;
				GCC_WARN_UNINITIALIZED_AUTOS = YES_AGGRESSIVE;
				GCC_WARN_UNUSED_FUNCTION = YES;
				GCC_WARN_UNUSED_VARIABLE = YES;
				MACOSX_DEPLOYMENT_TARGET = 10.15;
				MTL_ENABLE_DEBUG_INFO = INCLUDE_SOURCE;
				MTL_FAST_MATH = YES;
				ONLY_ACTIVE_ARCH = YES;
				SDKROOT = macosx;
			};
			name = Debug;
		};
		3FB5C2B5242A1DB500189EFB /* Release */ = {
			isa = XCBuildConfiguration;
			buildSettings = {
				ALWAYS_SEARCH_USER_PATHS = NO;
				CLANG_ANALYZER_NONNULL = YES;
				CLANG_ANALYZER_NUMBER_OBJECT_CONVERSION = YES_AGGRESSIVE;
				CLANG_CXX_LANGUAGE_STANDARD = "c++17";
				CLANG_CXX_LIBRARY = "libc++";
				CLANG_ENABLE_MODULES = YES;
				CLANG_ENABLE_OBJC_ARC = YES;
				CLANG_ENABLE_OBJC_WEAK = YES;
				CLANG_WARN_BLOCK_CAPTURE_AUTORELEASING = YES;
				CLANG_WARN_BOOL_CONVERSION = YES;
				CLANG_WARN_COMMA = YES;
				CLANG_WARN_CONSTANT_CONVERSION = YES;
				CLANG_WARN_DEPRECATED_OBJC_IMPLEMENTATIONS = YES;
				CLANG_WARN_DIRECT_OBJC_ISA_USAGE = YES_ERROR;
				CLANG_WARN_DOCUMENTATION_COMMENTS = YES;
				CLANG_WARN_EMPTY_BODY = YES;
				CLANG_WARN_ENUM_CONVERSION = YES;
				CLANG_WARN_INFINITE_RECURSION = YES;
				CLANG_WARN_INT_CONVERSION = YES;
				CLANG_WARN_NON_LITERAL_NULL_CONVERSION = YES;
				CLANG_WARN_OBJC_IMPLICIT_RETAIN_SELF = YES;
				CLANG_WARN_OBJC_LITERAL_CONVERSION = YES;
				CLANG_WARN_OBJC_ROOT_CLASS = YES_ERROR;
				CLANG_WARN_RANGE_LOOP_ANALYSIS = YES;
				CLANG_WARN_STRICT_PROTOTYPES = YES;
				CLANG_WARN_SUSPICIOUS_MOVE = YES;
				CLANG_WARN_UNGUARDED_AVAILABILITY = YES_AGGRESSIVE;
				CLANG_WARN_UNREACHABLE_CODE = YES;
				CLANG_WARN__DUPLICATE_METHOD_MATCH = YES;
				COPY_PHASE_STRIP = NO;
				DEBUG_INFORMATION_FORMAT = "dwarf-with-dsym";
				ENABLE_NS_ASSERTIONS = NO;
				ENABLE_STRICT_OBJC_MSGSEND = YES;
				GCC_C_LANGUAGE_STANDARD = c11;
				GCC_NO_COMMON_BLOCKS = YES;
				GCC_OPTIMIZATION_LEVEL = 3;
				GCC_PREPROCESSOR_DEFINITIONS = (
					"DEBUG=0",
					"CoreAudio_Debug=0",
					"CoreAudio_UseSysLog=1",
					"CoreAudio_StopOnAssert=0",
					"CoreAudio_ThreadStampMessages=0",
				);
				GCC_WARN_64_TO_32_BIT_CONVERSION = YES;
				GCC_WARN_ABOUT_RETURN_TYPE = YES_ERROR;
				GCC_WARN_UNDECLARED_SELECTOR = YES;
				GCC_WARN_UNINITIALIZED_AUTOS = YES_AGGRESSIVE;
				GCC_WARN_UNUSED_FUNCTION = YES;
				GCC_WARN_UNUSED_VARIABLE = YES;
				MACOSX_DEPLOYMENT_TARGET = 10.15;
				MTL_ENABLE_DEBUG_INFO = NO;
				MTL_FAST_MATH = YES;
				SDKROOT = macosx;
			};
			name = Release;
		};
		3FB5C2E9242A2C4F00189EFB /* Debug */ = {
			isa = XCBuildConfiguration;
			buildSettings = {
				CODE_SIGN_STYLE = Automatic;
				DEVELOPMENT_TEAM = 7RC9R8AS63;
				EXECUTABLE_PREFIX = lib;
				PRODUCT_NAME = "$(TARGET_NAME)";
				SKIP_INSTALL = YES;
			};
			name = Debug;
		};
		3FB5C2EA242A2C4F00189EFB /* Release */ = {
			isa = XCBuildConfiguration;
			buildSettings = {
				CODE_SIGN_STYLE = Automatic;
				DEVELOPMENT_TEAM = 7RC9R8AS63;
				EXECUTABLE_PREFIX = lib;
				PRODUCT_NAME = "$(TARGET_NAME)";
				SKIP_INSTALL = YES;
			};
			name = Release;
		};
		3FB5C34E242A34F300189EFB /* Debug */ = {
			isa = XCBuildConfiguration;
			buildSettings = {
				CLANG_CXX_LANGUAGE_STANDARD = "c++17";
				CODE_SIGN_STYLE = Automatic;
				COMBINE_HIDPI_IMAGES = YES;
				DEVELOPMENT_TEAM = 7RC9R8AS63;
				GCC_C_LANGUAGE_STANDARD = c11;
				GCC_PREPROCESSOR_DEFINITIONS = "$(inherited)";
				INFOPLIST_FILE = "effervescence-driver/Info.plist";
				INSTALL_PATH = "$(LOCAL_LIBRARY_DIR)/Audio/Plug-Ins/HAL";
				PRODUCT_BUNDLE_IDENTIFIER = com.nerrons.effervescence.driver;
				PRODUCT_NAME = "$(TARGET_NAME)";
				SKIP_INSTALL = YES;
				WRAPPER_EXTENSION = driver;
			};
			name = Debug;
		};
		3FB5C34F242A34F300189EFB /* Release */ = {
			isa = XCBuildConfiguration;
			buildSettings = {
				CLANG_CXX_LANGUAGE_STANDARD = "c++17";
				CODE_SIGN_STYLE = Automatic;
				COMBINE_HIDPI_IMAGES = YES;
				DEVELOPMENT_TEAM = 7RC9R8AS63;
				GCC_C_LANGUAGE_STANDARD = c11;
				INFOPLIST_FILE = "effervescence-driver/Info.plist";
				INSTALL_PATH = "$(LOCAL_LIBRARY_DIR)/Audio/Plug-Ins/HAL";
				PRODUCT_BUNDLE_IDENTIFIER = com.nerrons.effervescence.driver;
				PRODUCT_NAME = "$(TARGET_NAME)";
				SKIP_INSTALL = YES;
				WRAPPER_EXTENSION = driver;
			};
			name = Release;
		};
/* End XCBuildConfiguration section */

/* Begin XCConfigurationList section */
		3FB5C2AA242A1DB500189EFB /* Build configuration list for PBXProject "effervescence-core" */ = {
			isa = XCConfigurationList;
			buildConfigurations = (
				3FB5C2B4242A1DB500189EFB /* Debug */,
				3FB5C2B5242A1DB500189EFB /* Release */,
			);
			defaultConfigurationIsVisible = 0;
			defaultConfigurationName = Release;
		};
		3FB5C2E8242A2C4F00189EFB /* Build configuration list for PBXNativeTarget "PublicUtility" */ = {
			isa = XCConfigurationList;
			buildConfigurations = (
				3FB5C2E9242A2C4F00189EFB /* Debug */,
				3FB5C2EA242A2C4F00189EFB /* Release */,
			);
			defaultConfigurationIsVisible = 0;
			defaultConfigurationName = Release;
		};
		3FB5C34D242A34F300189EFB /* Build configuration list for PBXNativeTarget "effervescence-driver" */ = {
			isa = XCConfigurationList;
			buildConfigurations = (
				3FB5C34E242A34F300189EFB /* Debug */,
				3FB5C34F242A34F300189EFB /* Release */,
			);
			defaultConfigurationIsVisible = 0;
			defaultConfigurationName = Release;
		};
/* End XCConfigurationList section */
	};
	rootObject = 3FB5C2A7242A1DB500189EFB /* Project object */;
}
